
Microsoft Visual Studio Solution File, Format Version 12.00
# Visual Studio Version 17
VisualStudioVersion = 17.4.33103.184
MinimumVisualStudioVersion = 10.0.40219.1
Project("{8BC9CEB8-8B4A-11D0-8D11-00A0C91BC942}") = "LCRSTree", "LCRSTree\LCRSTree.vcxproj", "{707EEEF2-1A86-47E1-A232-3D2C2B3B75CD}"
EndProject
Global
	GlobalSection(SolutionConfigurationPlatforms) = preSolution
		Debug|x64 = Debug|x64
		Debug|x86 = Debug|x86
		Release|x64 = Release|x64
		Release|x86 = Release|x86
	EndGlobalSection
	GlobalSection(ProjectConfigurationPlatforms) = postSolution
		{707EEEF2-1A86-47E1-A232-3D2C2B3B75CD}.Debug|x64.ActiveCfg = Debug|x64
		{707EEEF2-1A86-47E1-A232-3D2C2B3B75CD}.Debug|x64.Build.0 = Debug|x64
		{707EEEF2-1A86-47E1-A232-3D2C2B3B75CD}.Debug|x86.ActiveCfg = Debug|Win32
		{707EEEF2-1A86-47E1-A232-3D2C2B3B75CD}.Debug|x86.Build.0 = Debug|Win32
		{707EEEF2-1A86-47E1-A232-3D2C2B3B75CD}.Release|x64.ActiveCfg = Release|x64
		{707EEEF2-1A86-47E1-A232-3D2C2B3B75CD}.Release|x64.Build.0 = Release|x64
		{707EEEF2-1A86-47E1-A232-3D2C2B3B75CD}.Release|x86.ActiveCfg = Release|Win32
		{707EEEF2-1A86-47E1-A232-3D2C2B3B75CD}.Release|x86.Build.0 = Release|Win32
	EndGlobalSection
	GlobalSection(SolutionProperties) = preSolution
		HideSolutionNode = FALSE
	EndGlobalSection
	GlobalSection(ExtensibilityGlobals) = postSolution
		SolutionGuid = {E6B7614C-11F3-4323-902D-FB982F885956}
	EndGlobalSection
EndGlobal
